
Microsoft Visual Studio Solution File, Format Version 12.00
# Visual Studio Version 17
VisualStudioVersion = 17.2.32630.192
MinimumVisualStudioVersion = 10.0.40219.1
Project("{FAE04EC0-301F-11D3-BF4B-00C04F79EFBC}") = "ChapterProject1", "ChapterProject1\ChapterProject1.csproj", "{3C733DC2-B82F-4868-8DD4-DCF81A631897}"
EndProject
Global
	GlobalSection(SolutionConfigurationPlatforms) = preSolution
		Debug|Any CPU = Debug|Any CPU
		Release|Any CPU = Release|Any CPU
	EndGlobalSection
	GlobalSection(ProjectConfigurationPlatforms) = postSolution
		{3C733DC2-B82F-4868-8DD4-DCF81A631897}.Debug|Any CPU.ActiveCfg = Debug|Any CPU
		{3C733DC2-B82F-4868-8DD4-DCF81A631897}.Debug|Any CPU.Build.0 = Debug|Any CPU
		{3C733DC2-B82F-4868-8DD4-DCF81A631897}.Release|Any CPU.ActiveCfg = Release|Any CPU
		{3C733DC2-B82F-4868-8DD4-DCF81A631897}.Release|Any CPU.Build.0 = Release|Any CPU
	EndGlobalSection
	GlobalSection(SolutionProperties) = preSolution
		HideSolutionNode = FALSE
	EndGlobalSection
	GlobalSection(ExtensibilityGlobals) = postSolution
		SolutionGuid = {410E8658-79E0-4F85-AAEF-3495A3BFD32E}
	EndGlobalSection
EndGlobal
